
Microsoft Visual Studio Solution File, Format Version 12.00
# Visual Studio Version 16
VisualStudioVersion = 16.0.31019.35
MinimumVisualStudioVersion = 10.0.40219.1
Project("{FAE04EC0-301F-11D3-BF4B-00C04F79EFBC}") = "Pimbeck", "Pimbeck.csproj", "{C1099D87-8AD9-4364-911D-C5E00EB5E188}"
EndProject
Global
	GlobalSection(SolutionConfigurationPlatforms) = preSolution
		Debug|Any CPU = Debug|Any CPU
		Release|Any CPU = Release|Any CPU
	EndGlobalSection
	GlobalSection(ProjectConfigurationPlatforms) = postSolution
		{C1099D87-8AD9-4364-911D-C5E00EB5E188}.Debug|Any CPU.ActiveCfg = Debug|Any CPU
		{C1099D87-8AD9-4364-911D-C5E00EB5E188}.Debug|Any CPU.Build.0 = Debug|Any CPU
		{C1099D87-8AD9-4364-911D-C5E00EB5E188}.Release|Any CPU.ActiveCfg = Release|Any CPU
		{C1099D87-8AD9-4364-911D-C5E00EB5E188}.Release|Any CPU.Build.0 = Release|Any CPU
	EndGlobalSection
	GlobalSection(SolutionProperties) = preSolution
		HideSolutionNode = FALSE
	EndGlobalSection
	GlobalSection(ExtensibilityGlobals) = postSolution
		SolutionGuid = {910E9BAE-3E58-4BA5-9D8F-5B3CE5E4B2EF}
	EndGlobalSection
EndGlobal
